
Microsoft Visual Studio Solution File, Format Version 12.00
# Visual Studio Version 16
VisualStudioVersion = 16.0.31911.196
MinimumVisualStudioVersion = 10.0.40219.1
Project("{FAE04EC0-301F-11D3-BF4B-00C04F79EFBC}") = "tic tac toe", "tic tac toe.csproj", "{98F7FFB9-408A-4C23-A509-924B68297495}"
EndProject
Global
	GlobalSection(SolutionConfigurationPlatforms) = preSolution
		Debug|Any CPU = Debug|Any CPU
		Release|Any CPU = Release|Any CPU
	EndGlobalSection
	GlobalSection(ProjectConfigurationPlatforms) = postSolution
		{98F7FFB9-408A-4C23-A509-924B68297495}.Debug|Any CPU.ActiveCfg = Debug|Any CPU
		{98F7FFB9-408A-4C23-A509-924B68297495}.Debug|Any CPU.Build.0 = Debug|Any CPU
		{98F7FFB9-408A-4C23-A509-924B68297495}.Release|Any CPU.ActiveCfg = Release|Any CPU
		{98F7FFB9-408A-4C23-A509-924B68297495}.Release|Any CPU.Build.0 = Release|Any CPU
	EndGlobalSection
	GlobalSection(SolutionProperties) = preSolution
		HideSolutionNode = FALSE
	EndGlobalSection
	GlobalSection(ExtensibilityGlobals) = postSolution
		SolutionGuid = {1FB6577A-0DAE-4FD9-A9C1-EC7436D9CF23}
	EndGlobalSection
EndGlobal
